
Microsoft Visual Studio Solution File, Format Version 12.00
# Visual Studio Version 16
VisualStudioVersion = 16.0.29230.47
MinimumVisualStudioVersion = 10.0.40219.1
Project("{FAE04EC0-301F-11D3-BF4B-00C04F79EFBC}") = "JHMS", "JHMS\JHMS.csproj", "{516232BF-B754-43E3-BD04-FE2EB63D9AB2}"
EndProject
Global
	GlobalSection(SolutionConfigurationPlatforms) = preSolution
		Debug|Any CPU = Debug|Any CPU
		Release|Any CPU = Release|Any CPU
	EndGlobalSection
	GlobalSection(ProjectConfigurationPlatforms) = postSolution
		{516232BF-B754-43E3-BD04-FE2EB63D9AB2}.Debug|Any CPU.ActiveCfg = Debug|Any CPU
		{516232BF-B754-43E3-BD04-FE2EB63D9AB2}.Debug|Any CPU.Build.0 = Debug|Any CPU
		{516232BF-B754-43E3-BD04-FE2EB63D9AB2}.Release|Any CPU.ActiveCfg = Release|Any CPU
		{516232BF-B754-43E3-BD04-FE2EB63D9AB2}.Release|Any CPU.Build.0 = Release|Any CPU
	EndGlobalSection
	GlobalSection(SolutionProperties) = preSolution
		HideSolutionNode = FALSE
	EndGlobalSection
	GlobalSection(ExtensibilityGlobals) = postSolution
		SolutionGuid = {64C19C88-E314-41EF-9E86-B45415AF47A0}
	EndGlobalSection
EndGlobal
